
Microsoft Visual Studio Solution File, Format Version 12.00
# Visual Studio Version 17
VisualStudioVersion = 17.7.34031.279
MinimumVisualStudioVersion = 10.0.40219.1
Project("{9A19103F-16F7-4668-BE54-9A1E7A4F7556}") = "BusinessObjects", "BusinessObjects\BusinessObjects.csproj", "{E6E650FD-AC28-45EF-99C4-FA2C32D963C9}"
EndProject
Project("{9A19103F-16F7-4668-BE54-9A1E7A4F7556}") = "Services", "Services\Services.csproj", "{5D7006BB-79A9-4F97-9C84-20D382E10184}"
EndProject
Project("{9A19103F-16F7-4668-BE54-9A1E7A4F7556}") = "WebApi", "WebApi\WebApi.csproj", "{422F27FA-52F7-45FB-BBFF-0F59F9B875B2}"
EndProject
Project("{9A19103F-16F7-4668-BE54-9A1E7A4F7556}") = "Client", "Client\Client.csproj", "{3CA868AE-59B3-4CAD-9500-1731B1215BD5}"
EndProject
Project("{9A19103F-16F7-4668-BE54-9A1E7A4F7556}") = "DAOs", "DAOs\DAOs.csproj", "{25235BFE-6EA8-4DF2-81CC-000473E7CB4B}"
EndProject
Global
	GlobalSection(SolutionConfigurationPlatforms) = preSolution
		Debug|Any CPU = Debug|Any CPU
		Release|Any CPU = Release|Any CPU
	EndGlobalSection
	GlobalSection(ProjectConfigurationPlatforms) = postSolution
		{E6E650FD-AC28-45EF-99C4-FA2C32D963C9}.Debug|Any CPU.ActiveCfg = Debug|Any CPU
		{E6E650FD-AC28-45EF-99C4-FA2C32D963C9}.Debug|Any CPU.Build.0 = Debug|Any CPU
		{E6E650FD-AC28-45EF-99C4-FA2C32D963C9}.Release|Any CPU.ActiveCfg = Release|Any CPU
		{E6E650FD-AC28-45EF-99C4-FA2C32D963C9}.Release|Any CPU.Build.0 = Release|Any CPU
		{5D7006BB-79A9-4F97-9C84-20D382E10184}.Debug|Any CPU.ActiveCfg = Debug|Any CPU
		{5D7006BB-79A9-4F97-9C84-20D382E10184}.Debug|Any CPU.Build.0 = Debug|Any CPU
		{5D7006BB-79A9-4F97-9C84-20D382E10184}.Release|Any CPU.ActiveCfg = Release|Any CPU
		{5D7006BB-79A9-4F97-9C84-20D382E10184}.Release|Any CPU.Build.0 = Release|Any CPU
		{422F27FA-52F7-45FB-BBFF-0F59F9B875B2}.Debug|Any CPU.ActiveCfg = Debug|Any CPU
		{422F27FA-52F7-45FB-BBFF-0F59F9B875B2}.Debug|Any CPU.Build.0 = Debug|Any CPU
		{422F27FA-52F7-45FB-BBFF-0F59F9B875B2}.Release|Any CPU.ActiveCfg = Release|Any CPU
		{422F27FA-52F7-45FB-BBFF-0F59F9B875B2}.Release|Any CPU.Build.0 = Release|Any CPU
		{3CA868AE-59B3-4CAD-9500-1731B1215BD5}.Debug|Any CPU.ActiveCfg = Debug|Any CPU
		{3CA868AE-59B3-4CAD-9500-1731B1215BD5}.Debug|Any CPU.Build.0 = Debug|Any CPU
		{3CA868AE-59B3-4CAD-9500-1731B1215BD5}.Release|Any CPU.ActiveCfg = Release|Any CPU
		{3CA868AE-59B3-4CAD-9500-1731B1215BD5}.Release|Any CPU.Build.0 = Release|Any CPU
		{25235BFE-6EA8-4DF2-81CC-000473E7CB4B}.Debug|Any CPU.ActiveCfg = Debug|Any CPU
		{25235BFE-6EA8-4DF2-81CC-000473E7CB4B}.Debug|Any CPU.Build.0 = Debug|Any CPU
		{25235BFE-6EA8-4DF2-81CC-000473E7CB4B}.Release|Any CPU.ActiveCfg = Release|Any CPU
		{25235BFE-6EA8-4DF2-81CC-000473E7CB4B}.Release|Any CPU.Build.0 = Release|Any CPU
	EndGlobalSection
	GlobalSection(SolutionProperties) = preSolution
		HideSolutionNode = FALSE
	EndGlobalSection
	GlobalSection(ExtensibilityGlobals) = postSolution
		SolutionGuid = {E19E0153-14FD-41FD-BC11-63636BB97808}
	EndGlobalSection
EndGlobal
